
Microsoft Visual Studio Solution File, Format Version 12.00
# Visual Studio Version 17
VisualStudioVersion = 17.12.35707.178
MinimumVisualStudioVersion = 10.0.40219.1
Project("{FAE04EC0-301F-11D3-BF4B-00C04F79EFBC}") = "CAMS.Infrastructure", "src\CAMS.Infrastructure\CAMS.Infrastructure.csproj", "{01D07A46-70C5-4963-8002-CB2172A96F7A}"
EndProject
Project("{2150E333-8FDC-42A3-9474-1A3956D46DE8}") = "VehiclesApi", "VehiclesApi", "{02EA681E-C7D8-13C7-8484-4AC65E1B71E8}"
EndProject
Project("{2150E333-8FDC-42A3-9474-1A3956D46DE8}") = "AuctionsApi", "AuctionsApi", "{A1E20664-70FD-4A5C-BEE5-2E7720C1E8E5}"
EndProject
Project("{FAE04EC0-301F-11D3-BF4B-00C04F79EFBC}") = "CAMS.Vehicles.Api", "src\VehiclesApi\CAMS.Vehicles.Api\CAMS.Vehicles.Api.csproj", "{93C073F6-CDDB-A9CD-AEDA-E6365BBB91EE}"
	ProjectSection(ProjectDependencies) = postProject
		{17925792-EADB-4E8A-B1D3-156DB0B03538} = {17925792-EADB-4E8A-B1D3-156DB0B03538}
	EndProjectSection
EndProject
Project("{FAE04EC0-301F-11D3-BF4B-00C04F79EFBC}") = "CAMS.Vehicles.Application", "src\VehiclesApi\CAMS.Vehicles.Application\CAMS.Vehicles.Application.csproj", "{418284A2-2699-D224-98BC-979533991604}"
EndProject
Project("{FAE04EC0-301F-11D3-BF4B-00C04F79EFBC}") = "CAMS.Vehicles.Data", "src\VehiclesApi\CAMS.Vehicles.Data\CAMS.Vehicles.Data.csproj", "{39920EF2-B7FF-297C-578B-4DDD8417B844}"
EndProject
Project("{FAE04EC0-301F-11D3-BF4B-00C04F79EFBC}") = "CAMS.Vehicles.Domain", "src\VehiclesApi\CAMS.Vehicles.Domain\CAMS.Vehicles.Domain.csproj", "{4FBB05C3-3028-A0DD-3877-27CBCC7F98F0}"
EndProject
Project("{FAE04EC0-301F-11D3-BF4B-00C04F79EFBC}") = "CAMS.Auctions.Api", "src\AuctionsApi\CAMS.Auctions.Api\CAMS.Auctions.Api.csproj", "{46C3C02C-AEBF-9AB5-F3D9-37AC3076C1C7}"
	ProjectSection(ProjectDependencies) = postProject
		{17925792-EADB-4E8A-B1D3-156DB0B03538} = {17925792-EADB-4E8A-B1D3-156DB0B03538}
	EndProjectSection
EndProject
Project("{FAE04EC0-301F-11D3-BF4B-00C04F79EFBC}") = "CAMS.Auctions.Application", "src\AuctionsApi\CAMS.Auctions.Application\CAMS.Auctions.Application.csproj", "{EC1A7BBA-86D9-8041-7527-40ED50818830}"
EndProject
Project("{FAE04EC0-301F-11D3-BF4B-00C04F79EFBC}") = "CAMS.Auctions.Data", "src\AuctionsApi\CAMS.Auctions.Data\CAMS.Auctions.Data.csproj", "{0E6FD52E-7EE1-14CF-F45D-C7D2E7FFBED4}"
EndProject
Project("{FAE04EC0-301F-11D3-BF4B-00C04F79EFBC}") = "CAMS.Auctions.Domain", "src\AuctionsApi\CAMS.Auctions.Domain\CAMS.Auctions.Domain.csproj", "{10574CE6-966A-8B91-2DE0-EA13D4F5CA7A}"
EndProject
Project("{FAE04EC0-301F-11D3-BF4B-00C04F79EFBC}") = "CAMS.Common", "src\CAMS.Common\CAMS.Common.csproj", "{17925792-EADB-4E8A-B1D3-156DB0B03538}"
EndProject
Project("{FAE04EC0-301F-11D3-BF4B-00C04F79EFBC}") = "CAMS.Vehicles.Tests", "src\VehiclesApi\CAMS.Vehicles.Tests\CAMS.Vehicles.Tests.csproj", "{7F755F00-C68C-426D-88F0-CE87B5A8337D}"
EndProject
Project("{FAE04EC0-301F-11D3-BF4B-00C04F79EFBC}") = "CAMS.Auctions.Tests", "src\AuctionsApi\CAMS.Auctions.Tests\CAMS.Auctions.Tests.csproj", "{3B4BE8F2-6F4B-4BCA-A7DD-108C1E34AC5E}"
EndProject
Global
	GlobalSection(SolutionConfigurationPlatforms) = preSolution
		Debug|Any CPU = Debug|Any CPU
		Release|Any CPU = Release|Any CPU
	EndGlobalSection
	GlobalSection(ProjectConfigurationPlatforms) = postSolution
		{01D07A46-70C5-4963-8002-CB2172A96F7A}.Debug|Any CPU.ActiveCfg = Debug|Any CPU
		{01D07A46-70C5-4963-8002-CB2172A96F7A}.Debug|Any CPU.Build.0 = Debug|Any CPU
		{01D07A46-70C5-4963-8002-CB2172A96F7A}.Release|Any CPU.ActiveCfg = Release|Any CPU
		{01D07A46-70C5-4963-8002-CB2172A96F7A}.Release|Any CPU.Build.0 = Release|Any CPU
		{93C073F6-CDDB-A9CD-AEDA-E6365BBB91EE}.Debug|Any CPU.ActiveCfg = Debug|Any CPU
		{93C073F6-CDDB-A9CD-AEDA-E6365BBB91EE}.Debug|Any CPU.Build.0 = Debug|Any CPU
		{93C073F6-CDDB-A9CD-AEDA-E6365BBB91EE}.Release|Any CPU.ActiveCfg = Release|Any CPU
		{93C073F6-CDDB-A9CD-AEDA-E6365BBB91EE}.Release|Any CPU.Build.0 = Release|Any CPU
		{418284A2-2699-D224-98BC-979533991604}.Debug|Any CPU.ActiveCfg = Debug|Any CPU
		{418284A2-2699-D224-98BC-979533991604}.Debug|Any CPU.Build.0 = Debug|Any CPU
		{418284A2-2699-D224-98BC-979533991604}.Release|Any CPU.ActiveCfg = Release|Any CPU
		{418284A2-2699-D224-98BC-979533991604}.Release|Any CPU.Build.0 = Release|Any CPU
		{39920EF2-B7FF-297C-578B-4DDD8417B844}.Debug|Any CPU.ActiveCfg = Debug|Any CPU
		{39920EF2-B7FF-297C-578B-4DDD8417B844}.Debug|Any CPU.Build.0 = Debug|Any CPU
		{39920EF2-B7FF-297C-578B-4DDD8417B844}.Release|Any CPU.ActiveCfg = Release|Any CPU
		{39920EF2-B7FF-297C-578B-4DDD8417B844}.Release|Any CPU.Build.0 = Release|Any CPU
		{4FBB05C3-3028-A0DD-3877-27CBCC7F98F0}.Debug|Any CPU.ActiveCfg = Debug|Any CPU
		{4FBB05C3-3028-A0DD-3877-27CBCC7F98F0}.Debug|Any CPU.Build.0 = Debug|Any CPU
		{4FBB05C3-3028-A0DD-3877-27CBCC7F98F0}.Release|Any CPU.ActiveCfg = Release|Any CPU
		{4FBB05C3-3028-A0DD-3877-27CBCC7F98F0}.Release|Any CPU.Build.0 = Release|Any CPU
		{46C3C02C-AEBF-9AB5-F3D9-37AC3076C1C7}.Debug|Any CPU.ActiveCfg = Debug|Any CPU
		{46C3C02C-AEBF-9AB5-F3D9-37AC3076C1C7}.Debug|Any CPU.Build.0 = Debug|Any CPU
		{46C3C02C-AEBF-9AB5-F3D9-37AC3076C1C7}.Release|Any CPU.ActiveCfg = Release|Any CPU
		{46C3C02C-AEBF-9AB5-F3D9-37AC3076C1C7}.Release|Any CPU.Build.0 = Release|Any CPU
		{EC1A7BBA-86D9-8041-7527-40ED50818830}.Debug|Any CPU.ActiveCfg = Debug|Any CPU
		{EC1A7BBA-86D9-8041-7527-40ED50818830}.Debug|Any CPU.Build.0 = Debug|Any CPU
		{EC1A7BBA-86D9-8041-7527-40ED50818830}.Release|Any CPU.ActiveCfg = Release|Any CPU
		{EC1A7BBA-86D9-8041-7527-40ED50818830}.Release|Any CPU.Build.0 = Release|Any CPU
		{0E6FD52E-7EE1-14CF-F45D-C7D2E7FFBED4}.Debug|Any CPU.ActiveCfg = Debug|Any CPU
		{0E6FD52E-7EE1-14CF-F45D-C7D2E7FFBED4}.Debug|Any CPU.Build.0 = Debug|Any CPU
		{0E6FD52E-7EE1-14CF-F45D-C7D2E7FFBED4}.Release|Any CPU.ActiveCfg = Release|Any CPU
		{0E6FD52E-7EE1-14CF-F45D-C7D2E7FFBED4}.Release|Any CPU.Build.0 = Release|Any CPU
		{10574CE6-966A-8B91-2DE0-EA13D4F5CA7A}.Debug|Any CPU.ActiveCfg = Debug|Any CPU
		{10574CE6-966A-8B91-2DE0-EA13D4F5CA7A}.Debug|Any CPU.Build.0 = Debug|Any CPU
		{10574CE6-966A-8B91-2DE0-EA13D4F5CA7A}.Release|Any CPU.ActiveCfg = Release|Any CPU
		{10574CE6-966A-8B91-2DE0-EA13D4F5CA7A}.Release|Any CPU.Build.0 = Release|Any CPU
		{17925792-EADB-4E8A-B1D3-156DB0B03538}.Debug|Any CPU.ActiveCfg = Debug|Any CPU
		{17925792-EADB-4E8A-B1D3-156DB0B03538}.Debug|Any CPU.Build.0 = Debug|Any CPU
		{17925792-EADB-4E8A-B1D3-156DB0B03538}.Release|Any CPU.ActiveCfg = Release|Any CPU
		{17925792-EADB-4E8A-B1D3-156DB0B03538}.Release|Any CPU.Build.0 = Release|Any CPU
		{7F755F00-C68C-426D-88F0-CE87B5A8337D}.Debug|Any CPU.ActiveCfg = Debug|Any CPU
		{7F755F00-C68C-426D-88F0-CE87B5A8337D}.Debug|Any CPU.Build.0 = Debug|Any CPU
		{7F755F00-C68C-426D-88F0-CE87B5A8337D}.Release|Any CPU.ActiveCfg = Release|Any CPU
		{7F755F00-C68C-426D-88F0-CE87B5A8337D}.Release|Any CPU.Build.0 = Release|Any CPU
		{3B4BE8F2-6F4B-4BCA-A7DD-108C1E34AC5E}.Debug|Any CPU.ActiveCfg = Debug|Any CPU
		{3B4BE8F2-6F4B-4BCA-A7DD-108C1E34AC5E}.Debug|Any CPU.Build.0 = Debug|Any CPU
		{3B4BE8F2-6F4B-4BCA-A7DD-108C1E34AC5E}.Release|Any CPU.ActiveCfg = Release|Any CPU
		{3B4BE8F2-6F4B-4BCA-A7DD-108C1E34AC5E}.Release|Any CPU.Build.0 = Release|Any CPU
	EndGlobalSection
	GlobalSection(SolutionProperties) = preSolution
		HideSolutionNode = FALSE
	EndGlobalSection
	GlobalSection(NestedProjects) = preSolution
		{93C073F6-CDDB-A9CD-AEDA-E6365BBB91EE} = {02EA681E-C7D8-13C7-8484-4AC65E1B71E8}
		{418284A2-2699-D224-98BC-979533991604} = {02EA681E-C7D8-13C7-8484-4AC65E1B71E8}
		{39920EF2-B7FF-297C-578B-4DDD8417B844} = {02EA681E-C7D8-13C7-8484-4AC65E1B71E8}
		{4FBB05C3-3028-A0DD-3877-27CBCC7F98F0} = {02EA681E-C7D8-13C7-8484-4AC65E1B71E8}
		{46C3C02C-AEBF-9AB5-F3D9-37AC3076C1C7} = {A1E20664-70FD-4A5C-BEE5-2E7720C1E8E5}
		{EC1A7BBA-86D9-8041-7527-40ED50818830} = {A1E20664-70FD-4A5C-BEE5-2E7720C1E8E5}
		{0E6FD52E-7EE1-14CF-F45D-C7D2E7FFBED4} = {A1E20664-70FD-4A5C-BEE5-2E7720C1E8E5}
		{10574CE6-966A-8B91-2DE0-EA13D4F5CA7A} = {A1E20664-70FD-4A5C-BEE5-2E7720C1E8E5}
		{7F755F00-C68C-426D-88F0-CE87B5A8337D} = {02EA681E-C7D8-13C7-8484-4AC65E1B71E8}
		{3B4BE8F2-6F4B-4BCA-A7DD-108C1E34AC5E} = {A1E20664-70FD-4A5C-BEE5-2E7720C1E8E5}
	EndGlobalSection
	GlobalSection(ExtensibilityGlobals) = postSolution
		SolutionGuid = {3DBCC80D-326F-47FE-BB8B-A34BDFD23643}
	EndGlobalSection
EndGlobal
